
Microsoft Visual Studio Solution File, Format Version 12.00
# Visual Studio Version 16
VisualStudioVersion = 16.0.31105.61
MinimumVisualStudioVersion = 10.0.40219.1
Project("{9A19103F-16F7-4668-BE54-9A1E7A4F7556}") = "Vista", "Vista.csproj", "{1BCD358F-D347-46D9-9045-32B087FE5301}"
EndProject
Project("{FAE04EC0-301F-11D3-BF4B-00C04F79EFBC}") = "Controlador", "..\Controlador\Controlador.csproj", "{25284673-D886-40BB-AAE0-E44235677CEB}"
EndProject
Project("{FAE04EC0-301F-11D3-BF4B-00C04F79EFBC}") = "Modelo", "..\Modelo\Modelo.csproj", "{943E19BE-16E8-4830-BFF8-F704C3438B95}"
EndProject
Global
	GlobalSection(SolutionConfigurationPlatforms) = preSolution
		Debug|Any CPU = Debug|Any CPU
		Release|Any CPU = Release|Any CPU
	EndGlobalSection
	GlobalSection(ProjectConfigurationPlatforms) = postSolution
		{1BCD358F-D347-46D9-9045-32B087FE5301}.Debug|Any CPU.ActiveCfg = Debug|Any CPU
		{1BCD358F-D347-46D9-9045-32B087FE5301}.Debug|Any CPU.Build.0 = Debug|Any CPU
		{1BCD358F-D347-46D9-9045-32B087FE5301}.Release|Any CPU.ActiveCfg = Release|Any CPU
		{1BCD358F-D347-46D9-9045-32B087FE5301}.Release|Any CPU.Build.0 = Release|Any CPU
		{25284673-D886-40BB-AAE0-E44235677CEB}.Debug|Any CPU.ActiveCfg = Debug|Any CPU
		{25284673-D886-40BB-AAE0-E44235677CEB}.Debug|Any CPU.Build.0 = Debug|Any CPU
		{25284673-D886-40BB-AAE0-E44235677CEB}.Release|Any CPU.ActiveCfg = Release|Any CPU
		{25284673-D886-40BB-AAE0-E44235677CEB}.Release|Any CPU.Build.0 = Release|Any CPU
		{943E19BE-16E8-4830-BFF8-F704C3438B95}.Debug|Any CPU.ActiveCfg = Debug|Any CPU
		{943E19BE-16E8-4830-BFF8-F704C3438B95}.Debug|Any CPU.Build.0 = Debug|Any CPU
		{943E19BE-16E8-4830-BFF8-F704C3438B95}.Release|Any CPU.ActiveCfg = Release|Any CPU
		{943E19BE-16E8-4830-BFF8-F704C3438B95}.Release|Any CPU.Build.0 = Release|Any CPU
	EndGlobalSection
	GlobalSection(SolutionProperties) = preSolution
		HideSolutionNode = FALSE
	EndGlobalSection
	GlobalSection(ExtensibilityGlobals) = postSolution
		SolutionGuid = {A1E75693-557A-49A4-9687-34D446D625DF}
	EndGlobalSection
EndGlobal
